
Microsoft Visual Studio Solution File, Format Version 12.00
# Visual Studio Version 16
VisualStudioVersion = 16.0.29806.167
MinimumVisualStudioVersion = 10.0.40219.1
Project("{FAE04EC0-301F-11D3-BF4B-00C04F79EFBC}") = "Scenery.Blazor", "Scenery.Blazor\Scenery.Blazor.csproj", "{A15A7816-9EBD-463F-8A40-5B0874947FE1}"
EndProject
Project("{FAE04EC0-301F-11D3-BF4B-00C04F79EFBC}") = "Scenery.StateManagement", "Scenery.StateManagement\Scenery.StateManagement.csproj", "{24CF56EB-4FA5-4909-9D37-F220D673C080}"
EndProject
Project("{FAE04EC0-301F-11D3-BF4B-00C04F79EFBC}") = "Scenery.Data", "Scenery.Data\Scenery.Data.csproj", "{CF12E666-DDD1-4A48-A2D6-CE8651E241AE}"
EndProject
Global
	GlobalSection(SolutionConfigurationPlatforms) = preSolution
		Debug|Any CPU = Debug|Any CPU
		Release|Any CPU = Release|Any CPU
	EndGlobalSection
	GlobalSection(ProjectConfigurationPlatforms) = postSolution
		{A15A7816-9EBD-463F-8A40-5B0874947FE1}.Debug|Any CPU.ActiveCfg = Debug|Any CPU
		{A15A7816-9EBD-463F-8A40-5B0874947FE1}.Debug|Any CPU.Build.0 = Debug|Any CPU
		{A15A7816-9EBD-463F-8A40-5B0874947FE1}.Release|Any CPU.ActiveCfg = Release|Any CPU
		{A15A7816-9EBD-463F-8A40-5B0874947FE1}.Release|Any CPU.Build.0 = Release|Any CPU
		{24CF56EB-4FA5-4909-9D37-F220D673C080}.Debug|Any CPU.ActiveCfg = Debug|Any CPU
		{24CF56EB-4FA5-4909-9D37-F220D673C080}.Debug|Any CPU.Build.0 = Debug|Any CPU
		{24CF56EB-4FA5-4909-9D37-F220D673C080}.Release|Any CPU.ActiveCfg = Release|Any CPU
		{24CF56EB-4FA5-4909-9D37-F220D673C080}.Release|Any CPU.Build.0 = Release|Any CPU
		{CF12E666-DDD1-4A48-A2D6-CE8651E241AE}.Debug|Any CPU.ActiveCfg = Debug|Any CPU
		{CF12E666-DDD1-4A48-A2D6-CE8651E241AE}.Debug|Any CPU.Build.0 = Debug|Any CPU
		{CF12E666-DDD1-4A48-A2D6-CE8651E241AE}.Release|Any CPU.ActiveCfg = Release|Any CPU
		{CF12E666-DDD1-4A48-A2D6-CE8651E241AE}.Release|Any CPU.Build.0 = Release|Any CPU
	EndGlobalSection
	GlobalSection(SolutionProperties) = preSolution
		HideSolutionNode = FALSE
	EndGlobalSection
	GlobalSection(ExtensibilityGlobals) = postSolution
		SolutionGuid = {08EF8685-6C4F-4CAC-9EDE-7791D59B72F9}
	EndGlobalSection
EndGlobal
